
Microsoft Visual Studio Solution File, Format Version 12.00
# Visual Studio Version 17
VisualStudioVersion = 17.7.34024.191
MinimumVisualStudioVersion = 10.0.40219.1
Project("{888888A0-9F3D-457C-B088-3A5042F75D52}") = "Variables", "Variables\Variables.pyproj", "{CA98DCA8-7EFF-4245-AC33-787027728226}"
EndProject
Global
	GlobalSection(SolutionConfigurationPlatforms) = preSolution
		Debug|Any CPU = Debug|Any CPU
		Release|Any CPU = Release|Any CPU
	EndGlobalSection
	GlobalSection(ProjectConfigurationPlatforms) = postSolution
		{CA98DCA8-7EFF-4245-AC33-787027728226}.Debug|Any CPU.ActiveCfg = Debug|Any CPU
		{CA98DCA8-7EFF-4245-AC33-787027728226}.Release|Any CPU.ActiveCfg = Release|Any CPU
	EndGlobalSection
	GlobalSection(SolutionProperties) = preSolution
		HideSolutionNode = FALSE
	EndGlobalSection
	GlobalSection(ExtensibilityGlobals) = postSolution
		SolutionGuid = {CF559136-F91C-48A5-84F8-52E2420851E6}
	EndGlobalSection
EndGlobal
